
Microsoft Visual Studio Solution File, Format Version 12.00
# Visual Studio Version 16
VisualStudioVersion = 16.0.31321.278
MinimumVisualStudioVersion = 10.0.40219.1
Project("{FAE04EC0-301F-11D3-BF4B-00C04F79EFBC}") = "Hw3", "Hw3\Hw3.csproj", "{7D170D96-B48A-4493-B4B5-AC0185A78CA7}"
EndProject
Global
	GlobalSection(SolutionConfigurationPlatforms) = preSolution
		Debug|Any CPU = Debug|Any CPU
		Release|Any CPU = Release|Any CPU
	EndGlobalSection
	GlobalSection(ProjectConfigurationPlatforms) = postSolution
		{7D170D96-B48A-4493-B4B5-AC0185A78CA7}.Debug|Any CPU.ActiveCfg = Debug|Any CPU
		{7D170D96-B48A-4493-B4B5-AC0185A78CA7}.Debug|Any CPU.Build.0 = Debug|Any CPU
		{7D170D96-B48A-4493-B4B5-AC0185A78CA7}.Release|Any CPU.ActiveCfg = Release|Any CPU
		{7D170D96-B48A-4493-B4B5-AC0185A78CA7}.Release|Any CPU.Build.0 = Release|Any CPU
	EndGlobalSection
	GlobalSection(SolutionProperties) = preSolution
		HideSolutionNode = FALSE
	EndGlobalSection
	GlobalSection(ExtensibilityGlobals) = postSolution
		SolutionGuid = {3F5A1DD9-1BE5-487E-A2B5-F107DCB2933A}
	EndGlobalSection
EndGlobal
